
Microsoft Visual Studio Solution File, Format Version 12.00
# Visual Studio Version 17
VisualStudioVersion = 17.6.33723.286
MinimumVisualStudioVersion = 10.0.40219.1
Project("{9A19103F-16F7-4668-BE54-9A1E7A4F7556}") = "homeWork7", "homeWork7\homeWork7.csproj", "{9DF0DC7A-DCC4-4AFE-8DA9-51AFD5581FA9}"
EndProject
Project("{FAE04EC0-301F-11D3-BF4B-00C04F79EFBC}") = "task_2", "task_2\task_2.csproj", "{DD06F29C-F871-420C-AB38-F9FB7CA7B893}"
EndProject
Project("{FAE04EC0-301F-11D3-BF4B-00C04F79EFBC}") = "task3", "task3\task3.csproj", "{B94F8193-6D68-4213-96A2-5616487E4080}"
EndProject
Project("{FAE04EC0-301F-11D3-BF4B-00C04F79EFBC}") = "task3_string", "task3_string\task3_string.csproj", "{6F8E4831-6D93-47F2-9B12-3F8696CEAC92}"
EndProject
Global
	GlobalSection(SolutionConfigurationPlatforms) = preSolution
		Debug|Any CPU = Debug|Any CPU
		Release|Any CPU = Release|Any CPU
	EndGlobalSection
	GlobalSection(ProjectConfigurationPlatforms) = postSolution
		{9DF0DC7A-DCC4-4AFE-8DA9-51AFD5581FA9}.Debug|Any CPU.ActiveCfg = Debug|Any CPU
		{9DF0DC7A-DCC4-4AFE-8DA9-51AFD5581FA9}.Debug|Any CPU.Build.0 = Debug|Any CPU
		{9DF0DC7A-DCC4-4AFE-8DA9-51AFD5581FA9}.Release|Any CPU.ActiveCfg = Release|Any CPU
		{9DF0DC7A-DCC4-4AFE-8DA9-51AFD5581FA9}.Release|Any CPU.Build.0 = Release|Any CPU
		{DD06F29C-F871-420C-AB38-F9FB7CA7B893}.Debug|Any CPU.ActiveCfg = Debug|Any CPU
		{DD06F29C-F871-420C-AB38-F9FB7CA7B893}.Debug|Any CPU.Build.0 = Debug|Any CPU
		{DD06F29C-F871-420C-AB38-F9FB7CA7B893}.Release|Any CPU.ActiveCfg = Release|Any CPU
		{DD06F29C-F871-420C-AB38-F9FB7CA7B893}.Release|Any CPU.Build.0 = Release|Any CPU
		{B94F8193-6D68-4213-96A2-5616487E4080}.Debug|Any CPU.ActiveCfg = Debug|Any CPU
		{B94F8193-6D68-4213-96A2-5616487E4080}.Debug|Any CPU.Build.0 = Debug|Any CPU
		{B94F8193-6D68-4213-96A2-5616487E4080}.Release|Any CPU.ActiveCfg = Release|Any CPU
		{B94F8193-6D68-4213-96A2-5616487E4080}.Release|Any CPU.Build.0 = Release|Any CPU
		{6F8E4831-6D93-47F2-9B12-3F8696CEAC92}.Debug|Any CPU.ActiveCfg = Debug|Any CPU
		{6F8E4831-6D93-47F2-9B12-3F8696CEAC92}.Debug|Any CPU.Build.0 = Debug|Any CPU
		{6F8E4831-6D93-47F2-9B12-3F8696CEAC92}.Release|Any CPU.ActiveCfg = Release|Any CPU
		{6F8E4831-6D93-47F2-9B12-3F8696CEAC92}.Release|Any CPU.Build.0 = Release|Any CPU
	EndGlobalSection
	GlobalSection(SolutionProperties) = preSolution
		HideSolutionNode = FALSE
	EndGlobalSection
	GlobalSection(ExtensibilityGlobals) = postSolution
		SolutionGuid = {85EA7D0F-92D1-45D2-95F0-A1538C949389}
	EndGlobalSection
EndGlobal
